PODS:
  - Flutter (1.0.0)
  - local_auth (0.0.1):
    - Flutter
  - speech_recognition (0.0.1):
    - Flutter

DEPENDENCIES:
  - Flutter (from `Pods/.symlinks/flutter/ios`)
  - local_auth (from `Pods/.symlinks/plugins/local_auth-0.2.0/ios`)
  - speech_recognition (from `Pods/.symlinks/plugins/speech_recognition-0.2.0+1/ios`)

EXTERNAL SOURCES:
  Flutter:
    :path: Pods/.symlinks/flutter/ios
  local_auth:
    :path: Pods/.symlinks/plugins/local_auth-0.2.0/ios
  speech_recognition:
    :path: Pods/.symlinks/plugins/speech_recognition-0.2.0+1/ios

SPEC CHECKSUMS:
  Flutter: 9d0fac939486c9aba2809b7982dfdbb47a7b0296
  local_auth: dca7d49d2228a53db258478ee98ee19402ff0c49
  speech_recognition: 647da2fb33d7e6968bbdbd85240b5ee420d651f8

PODFILE CHECKSUM: b8c5aafe71294650ad34dd13b9f0883a28ca5902

COCOAPODS: 1.4.0
